
Microsoft Visual Studio Solution File, Format Version 12.00
# Visual Studio 2010
Project("{FAE04EC0-301F-11D3-BF4B-00C04F79EFBC}") = "AweShark-2010", "AweShark\AweShark-2010.csproj", "{77C404AF-EED6-44D7-8BF5-E1AB84F3CD01}"
EndProject
Project("{F2A71F9B-5D33-465A-A702-920D77279786}") = "OpenShark-2010", "OpenShark-2010.fsproj", "{50D543A8-04F0-424A-B93E-679E6DF808BC}"
EndProject
Global
	GlobalSection(SolutionConfigurationPlatforms) = preSolution
		Debug|x86 = Debug|x86
		Release|x86 = Release|x86
	EndGlobalSection
	GlobalSection(ProjectConfigurationPlatforms) = postSolution
		{77C404AF-EED6-44D7-8BF5-E1AB84F3CD01}.Debug|x86.ActiveCfg = Debug|x86
		{77C404AF-EED6-44D7-8BF5-E1AB84F3CD01}.Debug|x86.Build.0 = Debug|x86
		{77C404AF-EED6-44D7-8BF5-E1AB84F3CD01}.Release|x86.ActiveCfg = Release|x86
		{77C404AF-EED6-44D7-8BF5-E1AB84F3CD01}.Release|x86.Build.0 = Release|x86
		{50D543A8-04F0-424A-B93E-679E6DF808BC}.Debug|x86.ActiveCfg = Debug|x86
		{50D543A8-04F0-424A-B93E-679E6DF808BC}.Debug|x86.Build.0 = Debug|x86
		{50D543A8-04F0-424A-B93E-679E6DF808BC}.Release|x86.ActiveCfg = Release|x86
		{50D543A8-04F0-424A-B93E-679E6DF808BC}.Release|x86.Build.0 = Release|x86
	EndGlobalSection
	GlobalSection(SolutionProperties) = preSolution
		HideSolutionNode = FALSE
	EndGlobalSection
EndGlobal
